
Microsoft Visual Studio Solution File, Format Version 12.00
# Visual Studio 14
VisualStudioVersion = 14.0.23107.0
MinimumVisualStudioVersion = 10.0.40219.1
Project("{2150E333-8FDC-42A3-9474-1A3956D46DE8}") = "Solution Items", "Solution Items", "{E5FCC1EF-E642-4CBD-AE91-C01AA12E31B2}"
	ProjectSection(SolutionItems) = preProject
		index.html = index.html
		onDemandShip.txt = onDemandShip.txt
		params.json = params.json
	EndProjectSection
EndProject
Project("{2150E333-8FDC-42A3-9474-1A3956D46DE8}") = "stylesheets", "stylesheets", "{441AA07D-28FB-4617-AF03-4CA5D0D2587A}"
	ProjectSection(SolutionItems) = preProject
		stylesheets\jcSkin.scss = stylesheets\jcSkin.scss
	EndProjectSection
EndProject
Project("{2150E333-8FDC-42A3-9474-1A3956D46DE8}") = "minify", "minify", "{50E1C628-2F4A-45D1-AA46-A6C01958DAE6}"
	ProjectSection(SolutionItems) = preProject
		stylesheets\minify\jcSkin.css = stylesheets\minify\jcSkin.css
		stylesheets\minify\jcSkin.css.map = stylesheets\minify\jcSkin.css.map
		stylesheets\minify\jcSkin.min.css = stylesheets\minify\jcSkin.min.css
	EndProjectSection
EndProject
Project("{2150E333-8FDC-42A3-9474-1A3956D46DE8}") = "config", "config", "{13957B1A-B06C-4262-927C-84A74CCD6758}"
	ProjectSection(SolutionItems) = preProject
		stylesheets\config\_mixins.scss = stylesheets\config\_mixins.scss
		stylesheets\config\_variables.scss = stylesheets\config\_variables.scss
		stylesheets\config\_wine.scss = stylesheets\config\_wine.scss
	EndProjectSection
EndProject
Project("{2150E333-8FDC-42A3-9474-1A3956D46DE8}") = "partials", "partials", "{DF5CBD1A-04E4-49F3-8738-C8E81A660CEE}"
	ProjectSection(SolutionItems) = preProject
		stylesheets\partials\_button.scss = stylesheets\partials\_button.scss
		stylesheets\partials\_color.scss = stylesheets\partials\_color.scss
		stylesheets\partials\_layout.scss = stylesheets\partials\_layout.scss
		stylesheets\partials\_mobile.scss = stylesheets\partials\_mobile.scss
		stylesheets\partials\_typography.scss = stylesheets\partials\_typography.scss
		stylesheets\partials\_widget.scss = stylesheets\partials\_widget.scss
	EndProjectSection
EndProject
Project("{2150E333-8FDC-42A3-9474-1A3956D46DE8}") = "scripts", "scripts", "{FB4A89D9-ACBC-4A81-B0B0-E946B63EB923}"
	ProjectSection(SolutionItems) = preProject
		scripts\jquery.details.js = scripts\jquery.details.js
		scripts\jquery.details.min.js = scripts\jquery.details.min.js
	EndProjectSection
EndProject
Project("{2150E333-8FDC-42A3-9474-1A3956D46DE8}") = "images", "images", "{1D2C6441-135E-4110-A5C4-32A483092103}"
	ProjectSection(SolutionItems) = preProject
		images\chevron.png = images\chevron.png
	EndProjectSection
EndProject
Project("{2150E333-8FDC-42A3-9474-1A3956D46DE8}") = "data", "data", "{B414E3EF-F7A9-4344-8F08-4CA5C8F2A47E}"
	ProjectSection(SolutionItems) = preProject
		data\onDemandShip.txt = data\onDemandShip.txt
	EndProjectSection
EndProject
Project("{2150E333-8FDC-42A3-9474-1A3956D46DE8}") = "data", "data", "{68704F6E-C78B-4B93-B48F-BAA020BC0769}"
	ProjectSection(SolutionItems) = preProject
		data\onDemandShip.txt = data\onDemandShip.txt
	EndProjectSection
EndProject
Global
	GlobalSection(SolutionProperties) = preSolution
		HideSolutionNode = FALSE
	EndGlobalSection
	GlobalSection(NestedProjects) = preSolution
		{441AA07D-28FB-4617-AF03-4CA5D0D2587A} = {E5FCC1EF-E642-4CBD-AE91-C01AA12E31B2}
		{50E1C628-2F4A-45D1-AA46-A6C01958DAE6} = {441AA07D-28FB-4617-AF03-4CA5D0D2587A}
		{13957B1A-B06C-4262-927C-84A74CCD6758} = {441AA07D-28FB-4617-AF03-4CA5D0D2587A}
		{DF5CBD1A-04E4-49F3-8738-C8E81A660CEE} = {441AA07D-28FB-4617-AF03-4CA5D0D2587A}
		{FB4A89D9-ACBC-4A81-B0B0-E946B63EB923} = {E5FCC1EF-E642-4CBD-AE91-C01AA12E31B2}
		{1D2C6441-135E-4110-A5C4-32A483092103} = {E5FCC1EF-E642-4CBD-AE91-C01AA12E31B2}
		{B414E3EF-F7A9-4344-8F08-4CA5C8F2A47E} = {E5FCC1EF-E642-4CBD-AE91-C01AA12E31B2}
		{68704F6E-C78B-4B93-B48F-BAA020BC0769} = {441AA07D-28FB-4617-AF03-4CA5D0D2587A}
	EndGlobalSection
EndGlobal
